
Microsoft Visual Studio Solution File, Format Version 12.00
# Visual Studio Version 17
VisualStudioVersion = 17.0.31903.59
MinimumVisualStudioVersion = 10.0.40219.1
Project("{FAE04EC0-301F-11D3-BF4B-00C04F79EFBC}") = "RowMajor", "RowMajor\RowMajor.csproj", "{2387C134-5ACF-4073-AE2B-09B777649996}"
EndProject
Project("{FAE04EC0-301F-11D3-BF4B-00C04F79EFBC}") = "RowMajor.Test", "RowMajor.Test\RowMajor.Test.csproj", "{3A260548-B56E-4903-BCC6-1A4E2AF9C97F}"
EndProject
Global
	GlobalSection(SolutionConfigurationPlatforms) = preSolution
		Debug|Any CPU = Debug|Any CPU
		Release|Any CPU = Release|Any CPU
	EndGlobalSection
	GlobalSection(SolutionProperties) = preSolution
		HideSolutionNode = FALSE
	EndGlobalSection
	GlobalSection(ProjectConfigurationPlatforms) = postSolution
		{2387C134-5ACF-4073-AE2B-09B777649996}.Debug|Any CPU.ActiveCfg = Debug|Any CPU
		{2387C134-5ACF-4073-AE2B-09B777649996}.Debug|Any CPU.Build.0 = Debug|Any CPU
		{2387C134-5ACF-4073-AE2B-09B777649996}.Release|Any CPU.ActiveCfg = Release|Any CPU
		{2387C134-5ACF-4073-AE2B-09B777649996}.Release|Any CPU.Build.0 = Release|Any CPU
		{3A260548-B56E-4903-BCC6-1A4E2AF9C97F}.Debug|Any CPU.ActiveCfg = Debug|Any CPU
		{3A260548-B56E-4903-BCC6-1A4E2AF9C97F}.Debug|Any CPU.Build.0 = Debug|Any CPU
		{3A260548-B56E-4903-BCC6-1A4E2AF9C97F}.Release|Any CPU.ActiveCfg = Release|Any CPU
		{3A260548-B56E-4903-BCC6-1A4E2AF9C97F}.Release|Any CPU.Build.0 = Release|Any CPU
	EndGlobalSection
EndGlobal
