
Microsoft Visual Studio Solution File, Format Version 12.00
# Visual Studio Version 17
VisualStudioVersion = 17.0.31903.59
MinimumVisualStudioVersion = 10.0.40219.1
Project("{FAE04EC0-301F-11D3-BF4B-00C04F79EFBC}") = "Point2D", "Point2D\Point2D.csproj", "{7111EA49-C14C-42E8-91D5-74FC5A7A1783}"
EndProject
Project("{FAE04EC0-301F-11D3-BF4B-00C04F79EFBC}") = "Point2D.Test", "Point2D.Test\Point2D.Test.csproj", "{19B54A94-0E23-4137-BC8A-19A086B3C895}"
EndProject
Global
	GlobalSection(SolutionConfigurationPlatforms) = preSolution
		Debug|Any CPU = Debug|Any CPU
		Debug|x64 = Debug|x64
		Debug|x86 = Debug|x86
		Release|Any CPU = Release|Any CPU
		Release|x64 = Release|x64
		Release|x86 = Release|x86
	EndGlobalSection
	GlobalSection(ProjectConfigurationPlatforms) = postSolution
		{7111EA49-C14C-42E8-91D5-74FC5A7A1783}.Debug|Any CPU.ActiveCfg = Debug|Any CPU
		{7111EA49-C14C-42E8-91D5-74FC5A7A1783}.Debug|Any CPU.Build.0 = Debug|Any CPU
		{7111EA49-C14C-42E8-91D5-74FC5A7A1783}.Debug|x64.ActiveCfg = Debug|Any CPU
		{7111EA49-C14C-42E8-91D5-74FC5A7A1783}.Debug|x64.Build.0 = Debug|Any CPU
		{7111EA49-C14C-42E8-91D5-74FC5A7A1783}.Debug|x86.ActiveCfg = Debug|Any CPU
		{7111EA49-C14C-42E8-91D5-74FC5A7A1783}.Debug|x86.Build.0 = Debug|Any CPU
		{7111EA49-C14C-42E8-91D5-74FC5A7A1783}.Release|Any CPU.ActiveCfg = Release|Any CPU
		{7111EA49-C14C-42E8-91D5-74FC5A7A1783}.Release|Any CPU.Build.0 = Release|Any CPU
		{7111EA49-C14C-42E8-91D5-74FC5A7A1783}.Release|x64.ActiveCfg = Release|Any CPU
		{7111EA49-C14C-42E8-91D5-74FC5A7A1783}.Release|x64.Build.0 = Release|Any CPU
		{7111EA49-C14C-42E8-91D5-74FC5A7A1783}.Release|x86.ActiveCfg = Release|Any CPU
		{7111EA49-C14C-42E8-91D5-74FC5A7A1783}.Release|x86.Build.0 = Release|Any CPU
		{19B54A94-0E23-4137-BC8A-19A086B3C895}.Debug|Any CPU.ActiveCfg = Debug|Any CPU
		{19B54A94-0E23-4137-BC8A-19A086B3C895}.Debug|Any CPU.Build.0 = Debug|Any CPU
		{19B54A94-0E23-4137-BC8A-19A086B3C895}.Debug|x64.ActiveCfg = Debug|Any CPU
		{19B54A94-0E23-4137-BC8A-19A086B3C895}.Debug|x64.Build.0 = Debug|Any CPU
		{19B54A94-0E23-4137-BC8A-19A086B3C895}.Debug|x86.ActiveCfg = Debug|Any CPU
		{19B54A94-0E23-4137-BC8A-19A086B3C895}.Debug|x86.Build.0 = Debug|Any CPU
		{19B54A94-0E23-4137-BC8A-19A086B3C895}.Release|Any CPU.ActiveCfg = Release|Any CPU
		{19B54A94-0E23-4137-BC8A-19A086B3C895}.Release|Any CPU.Build.0 = Release|Any CPU
		{19B54A94-0E23-4137-BC8A-19A086B3C895}.Release|x64.ActiveCfg = Release|Any CPU
		{19B54A94-0E23-4137-BC8A-19A086B3C895}.Release|x64.Build.0 = Release|Any CPU
		{19B54A94-0E23-4137-BC8A-19A086B3C895}.Release|x86.ActiveCfg = Release|Any CPU
		{19B54A94-0E23-4137-BC8A-19A086B3C895}.Release|x86.Build.0 = Release|Any CPU
	EndGlobalSection
	GlobalSection(SolutionProperties) = preSolution
		HideSolutionNode = FALSE
	EndGlobalSection
EndGlobal
