
Microsoft Visual Studio Solution File, Format Version 12.00
# Visual Studio Version 17
VisualStudioVersion = 17.0.31903.59
MinimumVisualStudioVersion = 10.0.40219.1
Project("{FAE04EC0-301F-11D3-BF4B-00C04F79EFBC}") = "Grades.Test", "Grades.Test\Grades.Test.csproj", "{51CBBC6F-A9C8-4622-8CCD-52C3F6E93D5A}"
EndProject
Project("{FAE04EC0-301F-11D3-BF4B-00C04F79EFBC}") = "Grades", "Grades\Grades.csproj", "{F240A916-D5F3-4917-8F4A-15BEA3AB74A9}"
EndProject
Global
	GlobalSection(SolutionConfigurationPlatforms) = preSolution
		Debug|Any CPU = Debug|Any CPU
		Release|Any CPU = Release|Any CPU
	EndGlobalSection
	GlobalSection(SolutionProperties) = preSolution
		HideSolutionNode = FALSE
	EndGlobalSection
	GlobalSection(ProjectConfigurationPlatforms) = postSolution
		{51CBBC6F-A9C8-4622-8CCD-52C3F6E93D5A}.Debug|Any CPU.ActiveCfg = Debug|Any CPU
		{51CBBC6F-A9C8-4622-8CCD-52C3F6E93D5A}.Debug|Any CPU.Build.0 = Debug|Any CPU
		{51CBBC6F-A9C8-4622-8CCD-52C3F6E93D5A}.Release|Any CPU.ActiveCfg = Release|Any CPU
		{51CBBC6F-A9C8-4622-8CCD-52C3F6E93D5A}.Release|Any CPU.Build.0 = Release|Any CPU
		{F240A916-D5F3-4917-8F4A-15BEA3AB74A9}.Debug|Any CPU.ActiveCfg = Debug|Any CPU
		{F240A916-D5F3-4917-8F4A-15BEA3AB74A9}.Debug|Any CPU.Build.0 = Debug|Any CPU
		{F240A916-D5F3-4917-8F4A-15BEA3AB74A9}.Release|Any CPU.ActiveCfg = Release|Any CPU
		{F240A916-D5F3-4917-8F4A-15BEA3AB74A9}.Release|Any CPU.Build.0 = Release|Any CPU
	EndGlobalSection
EndGlobal
